
Microsoft Visual Studio Solution File, Format Version 12.00
# Visual Studio 15
VisualStudioVersion = 15.0.27703.2035
MinimumVisualStudioVersion = 10.0.40219.1
Project("{FAE04EC0-301F-11D3-BF4B-00C04F79EFBC}") = "TicTacToe", "TicTacToe\TicTacToe.csproj", "{037B5EF1-B9D9-449D-AF45-ABAA0E4D3D4E}"
EndProject
Global
	GlobalSection(SolutionConfigurationPlatforms) = preSolution
		Debug|Any CPU = Debug|Any CPU
		Release|Any CPU = Release|Any CPU
	EndGlobalSection
	GlobalSection(ProjectConfigurationPlatforms) = postSolution
		{037B5EF1-B9D9-449D-AF45-ABAA0E4D3D4E}.Debug|Any CPU.ActiveCfg = Debug|Any CPU
		{037B5EF1-B9D9-449D-AF45-ABAA0E4D3D4E}.Debug|Any CPU.Build.0 = Debug|Any CPU
		{037B5EF1-B9D9-449D-AF45-ABAA0E4D3D4E}.Release|Any CPU.ActiveCfg = Release|Any CPU
		{037B5EF1-B9D9-449D-AF45-ABAA0E4D3D4E}.Release|Any CPU.Build.0 = Release|Any CPU
	EndGlobalSection
	GlobalSection(SolutionProperties) = preSolution
		HideSolutionNode = FALSE
	EndGlobalSection
	GlobalSection(ExtensibilityGlobals) = postSolution
		SolutionGuid = {2D43000B-6FBC-43C3-8FCE-C0699ECD4FFA}
	EndGlobalSection
EndGlobal
